// !$*UTF8*$!
{
	archiveVersion = 1;
	classes = {
	};
	objectVersion = 56;
	objects = {

/* Begin PBXBuildFile section */
		E175C74C29DA9BEB002CE349 /* Assets.xcassets in Resources */ = {isa = PBXBuildFile; fileRef = E175C74529DA9BEB002CE349 /* Assets.xcassets */; };
		E175C74D29DA9BEB002CE349 /* LaunchScreen.storyboard in Resources */ = {isa = PBXBuildFile; fileRef = E175C74629DA9BEB002CE349 /* LaunchScreen.storyboard */; };
		E175C74E29DA9BEB002CE349 /* AppDelegate.swift in Sources */ = {isa = PBXBuildFile; fileRef = E175C74829DA9BEB002CE349 /* AppDelegate.swift */; };
		E175C75029DA9BEB002CE349 /* SceneDelegate.swift in Sources */ = {isa = PBXBuildFile; fileRef = E175C74A29DA9BEB002CE349 /* SceneDelegate.swift */; };
		E175C75529DA9D39002CE349 /* TabBarController in Frameworks */ = {isa = PBXBuildFile; productRef = E175C75429DA9D39002CE349 /* TabBarController */; };
		E175C75C29DAA06C002CE349 /* SnapKit in Frameworks */ = {isa = PBXBuildFile; productRef = E175C75B29DAA06C002CE349 /* SnapKit */; };
		E175C75F29DAA0CF002CE349 /* Utils in Frameworks */ = {isa = PBXBuildFile; productRef = E175C75E29DAA0CF002CE349 /* Utils */; };
		E175C76129DAA0F9002CE349 /* TableController.swift in Sources */ = {isa = PBXBuildFile; fileRef = E175C76029DAA0F9002CE349 /* TableController.swift */; };
		E175C76329DAB2DA002CE349 /* FloatingTabBarView.swift in Sources */ = {isa = PBXBuildFile; fileRef = E175C76229DAB2DA002CE349 /* FloatingTabBarView.swift */; };
		E175C76529DAB8CC002CE349 /* FloatingTabBarController.swift in Sources */ = {isa = PBXBuildFile; fileRef = E175C76429DAB8CC002CE349 /* FloatingTabBarController.swift */; };
		E175C76929DAE541002CE349 /* UINavigationController+TabBar.swift in Sources */ = {isa = PBXBuildFile; fileRef = E175C76829DAE541002CE349 /* UINavigationController+TabBar.swift */; };
		E175C76B29DAE6D9002CE349 /* TableCell.swift in Sources */ = {isa = PBXBuildFile; fileRef = E175C76A29DAE6D9002CE349 /* TableCell.swift */; };
/* End PBXBuildFile section */

/* Begin PBXFileReference section */
		E175C72C29DA9A04002CE349 /* Example.app */ = {isa = PBXFileReference; explicitFileType = wrapper.application; includeInIndex = 0; path = Example.app; sourceTree = BUILT_PRODUCTS_DIR; };
		E175C74529DA9BEB002CE349 /* Assets.xcassets */ = {isa = PBXFileReference; lastKnownFileType = folder.assetcatalog; path = Assets.xcassets; sourceTree = "<group>"; };
		E175C74729DA9BEB002CE349 /* Base */ = {isa = PBXFileReference; lastKnownFileType = file.storyboard; name = Base; path = Base.lproj/LaunchScreen.storyboard; sourceTree = "<group>"; };
		E175C74829DA9BEB002CE349 /* AppDelegate.swift */ = {isa = PBXFileReference; fileEncoding = 4; lastKnownFileType = sourcecode.swift; path = AppDelegate.swift; sourceTree = "<group>"; };
		E175C74929DA9BEB002CE349 /* Info.plist */ = {isa = PBXFileReference; fileEncoding = 4; lastKnownFileType = text.plist.xml; path = Info.plist; sourceTree = "<group>"; };
		E175C74A29DA9BEB002CE349 /* SceneDelegate.swift */ = {isa = PBXFileReference; fileEncoding = 4; lastKnownFileType = sourcecode.swift; path = SceneDelegate.swift; sourceTree = "<group>"; };
		E175C75229DA9D28002CE349 /* TabBarController */ = {isa = PBXFileReference; lastKnownFileType = wrapper; name = TabBarController; path = ..; sourceTree = "<group>"; };
		E175C76029DAA0F9002CE349 /* TableController.swift */ = {isa = PBXFileReference; lastKnownFileType = sourcecode.swift; path = TableController.swift; sourceTree = "<group>"; };
		E175C76229DAB2DA002CE349 /* FloatingTabBarView.swift */ = {isa = PBXFileReference; lastKnownFileType = sourcecode.swift; path = FloatingTabBarView.swift; sourceTree = "<group>"; };
		E175C76429DAB8CC002CE349 /* FloatingTabBarController.swift */ = {isa = PBXFileReference; lastKnownFileType = sourcecode.swift; path = FloatingTabBarController.swift; sourceTree = "<group>"; };
		E175C76829DAE541002CE349 /* UINavigationController+TabBar.swift */ = {isa = PBXFileReference; lastKnownFileType = sourcecode.swift; path = "UINavigationController+TabBar.swift"; sourceTree = "<group>"; };
		E175C76A29DAE6D9002CE349 /* TableCell.swift */ = {isa = PBXFileReference; lastKnownFileType = sourcecode.swift; path = TableCell.swift; sourceTree = "<group>"; };
/* End PBXFileReference section */

/* Begin PBXFrameworksBuildPhase section */
		E175C72929DA9A04002CE349 /* Frameworks */ = {
			isa = PBXFrameworksBuildPhase;
			buildActionMask = 2147483647;
			files = (
				E175C75F29DAA0CF002CE349 /* Utils in Frameworks */,
				E175C75529DA9D39002CE349 /* TabBarController in Frameworks */,
				E175C75C29DAA06C002CE349 /* SnapKit in Frameworks */,
			);
			runOnlyForDeploymentPostprocessing = 0;
		};
/* End PBXFrameworksBuildPhase section */

/* Begin PBXGroup section */
		E175C72329DA9A04002CE349 = {
			isa = PBXGroup;
			children = (
				E175C75129DA9D28002CE349 /* Packages */,
				E175C74329DA9BEB002CE349 /* Sources */,
				E175C72D29DA9A04002CE349 /* Products */,
				E175C75329DA9D39002CE349 /* Frameworks */,
			);
			sourceTree = "<group>";
		};
		E175C72D29DA9A04002CE349 /* Products */ = {
			isa = PBXGroup;
			children = (
				E175C72C29DA9A04002CE349 /* Example.app */,
			);
			name = Products;
			sourceTree = "<group>";
		};
		E175C74329DA9BEB002CE349 /* Sources */ = {
			isa = PBXGroup;
			children = (
				E175C76729DAE532002CE349 /* Extensions */,
				E175C75629DA9E63002CE349 /* Applicaiton */,
				E175C75829DA9E81002CE349 /* UI */,
				E175C75929DA9EBC002CE349 /* Configs */,
				E175C75729DA9E76002CE349 /* Resources */,
			);
			path = Sources;
			sourceTree = "<group>";
		};
		E175C75129DA9D28002CE349 /* Packages */ = {
			isa = PBXGroup;
			children = (
				E175C75229DA9D28002CE349 /* TabBarController */,
			);
			name = Packages;
			sourceTree = "<group>";
		};
		E175C75329DA9D39002CE349 /* Frameworks */ = {
			isa = PBXGroup;
			children = (
			);
			name = Frameworks;
			sourceTree = "<group>";
		};
		E175C75629DA9E63002CE349 /* Applicaiton */ = {
			isa = PBXGroup;
			children = (
				E175C74829DA9BEB002CE349 /* AppDelegate.swift */,
				E175C74A29DA9BEB002CE349 /* SceneDelegate.swift */,
			);
			path = Applicaiton;
			sourceTree = "<group>";
		};
		E175C75729DA9E76002CE349 /* Resources */ = {
			isa = PBXGroup;
			children = (
				E175C74529DA9BEB002CE349 /* Assets.xcassets */,
			);
			path = Resources;
			sourceTree = "<group>";
		};
		E175C75829DA9E81002CE349 /* UI */ = {
			isa = PBXGroup;
			children = (
				E19DB35329DC2F8C007D6AF4 /* Launch */,
				E19DB35229DC2F81007D6AF4 /* TableController */,
				E175C76629DABE7B002CE349 /* FloatingTabBarController */,
			);
			path = UI;
			sourceTree = "<group>";
		};
		E175C75929DA9EBC002CE349 /* Configs */ = {
			isa = PBXGroup;
			children = (
				E175C74929DA9BEB002CE349 /* Info.plist */,
			);
			path = Configs;
			sourceTree = "<group>";
		};
		E175C76629DABE7B002CE349 /* FloatingTabBarController */ = {
			isa = PBXGroup;
			children = (
				E175C76229DAB2DA002CE349 /* FloatingTabBarView.swift */,
				E175C76429DAB8CC002CE349 /* FloatingTabBarController.swift */,
			);
			path = FloatingTabBarController;
			sourceTree = "<group>";
		};
		E175C76729DAE532002CE349 /* Extensions */ = {
			isa = PBXGroup;
			children = (
				E175C76829DAE541002CE349 /* UINavigationController+TabBar.swift */,
			);
			path = Extensions;
			sourceTree = "<group>";
		};
		E19DB35229DC2F81007D6AF4 /* TableController */ = {
			isa = PBXGroup;
			children = (
				E175C76029DAA0F9002CE349 /* TableController.swift */,
				E175C76A29DAE6D9002CE349 /* TableCell.swift */,
			);
			path = TableController;
			sourceTree = "<group>";
		};
		E19DB35329DC2F8C007D6AF4 /* Launch */ = {
			isa = PBXGroup;
			children = (
				E175C74629DA9BEB002CE349 /* LaunchScreen.storyboard */,
			);
			path = Launch;
			sourceTree = "<group>";
		};
/* End PBXGroup section */

/* Begin PBXNativeTarget section */
		E175C72B29DA9A04002CE349 /* Example */ = {
			isa = PBXNativeTarget;
			buildConfigurationList = E175C74029DA9A05002CE349 /* Build configuration list for PBXNativeTarget "Example" */;
			buildPhases = (
				FAD9054A29E03D2F0022CA8F /* SwiftLint */,
				E175C72829DA9A04002CE349 /* Sources */,
				E175C72929DA9A04002CE349 /* Frameworks */,
				E175C72A29DA9A04002CE349 /* Resources */,
			);
			buildRules = (
			);
			dependencies = (
			);
			name = Example;
			packageProductDependencies = (
				E175C75429DA9D39002CE349 /* TabBarController */,
				E175C75B29DAA06C002CE349 /* SnapKit */,
				E175C75E29DAA0CF002CE349 /* Utils */,
			);
			productName = Example;
			productReference = E175C72C29DA9A04002CE349 /* Example.app */;
			productType = "com.apple.product-type.application";
		};
/* End PBXNativeTarget section */

/* Begin PBXProject section */
		E175C72429DA9A04002CE349 /* Project object */ = {
			isa = PBXProject;
			attributes = {
				BuildIndependentTargetsInParallel = 1;
				LastSwiftUpdateCheck = 1410;
				LastUpgradeCheck = 1410;
				TargetAttributes = {
					E175C72B29DA9A04002CE349 = {
						CreatedOnToolsVersion = 14.1;
					};
				};
			};
			buildConfigurationList = E175C72729DA9A04002CE349 /* Build configuration list for PBXProject "Example" */;
			compatibilityVersion = "Xcode 14.0";
			developmentRegion = en;
			hasScannedForEncodings = 0;
			knownRegions = (
				en,
				Base,
			);
			mainGroup = E175C72329DA9A04002CE349;
			packageReferences = (
				E175C75A29DAA06C002CE349 /* XCRemoteSwiftPackageReference "SnapKit" */,
				E175C75D29DAA0CF002CE349 /* XCRemoteSwiftPackageReference "Utils" */,
			);
			productRefGroup = E175C72D29DA9A04002CE349 /* Products */;
			projectDirPath = "";
			projectRoot = "";
			targets = (
				E175C72B29DA9A04002CE349 /* Example */,
			);
		};
/* End PBXProject section */

/* Begin PBXResourcesBuildPhase section */
		E175C72A29DA9A04002CE349 /* Resources */ = {
			isa = PBXResourcesBuildPhase;
			buildActionMask = 2147483647;
			files = (
				E175C74C29DA9BEB002CE349 /* Assets.xcassets in Resources */,
				E175C74D29DA9BEB002CE349 /* LaunchScreen.storyboard in Resources */,
			);
			runOnlyForDeploymentPostprocessing = 0;
		};
/* End PBXResourcesBuildPhase section */

/* Begin PBXShellScriptBuildPhase section */
		FAD9054A29E03D2F0022CA8F /* SwiftLint */ = {
			isa = PBXShellScriptBuildPhase;
			alwaysOutOfDate = 1;
			buildActionMask = 2147483647;
			files = (
			);
			inputFileListPaths = (
			);
			inputPaths = (
			);
			name = SwiftLint;
			outputFileListPaths = (
			);
			outputPaths = (
			);
			runOnlyForDeploymentPostprocessing = 0;
			shellPath = /bin/sh;
			shellScript = "export PATH=\"$PATH:/opt/homebrew/bin\"\n\nif which swiftlint >/dev/null; then\n  swiftlint --path .. --config ../swiftlint.yml\nelse\n  echo \"warning: SwiftLint not installed, download from https://github.com/realm/SwiftLint\"\nfi\n";
		};
/* End PBXShellScriptBuildPhase section */

/* Begin PBXSourcesBuildPhase section */
		E175C72829DA9A04002CE349 /* Sources */ = {
			isa = PBXSourcesBuildPhase;
			buildActionMask = 2147483647;
			files = (
				E175C76129DAA0F9002CE349 /* TableController.swift in Sources */,
				E175C76929DAE541002CE349 /* UINavigationController+TabBar.swift in Sources */,
				E175C76B29DAE6D9002CE349 /* TableCell.swift in Sources */,
				E175C76529DAB8CC002CE349 /* FloatingTabBarController.swift in Sources */,
				E175C74E29DA9BEB002CE349 /* AppDelegate.swift in Sources */,
				E175C75029DA9BEB002CE349 /* SceneDelegate.swift in Sources */,
				E175C76329DAB2DA002CE349 /* FloatingTabBarView.swift in Sources */,
			);
			runOnlyForDeploymentPostprocessing = 0;
		};
/* End PBXSourcesBuildPhase section */

/* Begin PBXVariantGroup section */
		E175C74629DA9BEB002CE349 /* LaunchScreen.storyboard */ = {
			isa = PBXVariantGroup;
			children = (
				E175C74729DA9BEB002CE349 /* Base */,
			);
			name = LaunchScreen.storyboard;
			sourceTree = "<group>";
		};
/* End PBXVariantGroup section */

/* Begin XCBuildConfiguration section */
		E175C73E29DA9A05002CE349 /* Debug */ = {
			isa = XCBuildConfiguration;
			buildSettings = {
				ALWAYS_SEARCH_USER_PATHS = NO;
				CLANG_ANALYZER_NONNULL = YES;
				CLANG_ANALYZER_NUMBER_OBJECT_CONVERSION = YES_AGGRESSIVE;
				CLANG_CXX_LANGUAGE_STANDARD = "gnu++20";
				CLANG_ENABLE_MODULES = YES;
				CLANG_ENABLE_OBJC_ARC = YES;
				CLANG_ENABLE_OBJC_WEAK = YES;
				CLANG_WARN_BLOCK_CAPTURE_AUTORELEASING = YES;
				CLANG_WARN_BOOL_CONVERSION = YES;
				CLANG_WARN_COMMA = YES;
				CLANG_WARN_CONSTANT_CONVERSION = YES;
				CLANG_WARN_DEPRECATED_OBJC_IMPLEMENTATIONS = YES;
				CLANG_WARN_DIRECT_OBJC_ISA_USAGE = YES_ERROR;
				CLANG_WARN_DOCUMENTATION_COMMENTS = YES;
				CLANG_WARN_EMPTY_BODY = YES;
				CLANG_WARN_ENUM_CONVERSION = YES;
				CLANG_WARN_INFINITE_RECURSION = YES;
				CLANG_WARN_INT_CONVERSION = YES;
				CLANG_WARN_NON_LITERAL_NULL_CONVERSION = YES;
				CLANG_WARN_OBJC_IMPLICIT_RETAIN_SELF = YES;
				CLANG_WARN_OBJC_LITERAL_CONVERSION = YES;
				CLANG_WARN_OBJC_ROOT_CLASS = YES_ERROR;
				CLANG_WARN_QUOTED_INCLUDE_IN_FRAMEWORK_HEADER = YES;
				CLANG_WARN_RANGE_LOOP_ANALYSIS = YES;
				CLANG_WARN_STRICT_PROTOTYPES = YES;
				CLANG_WARN_SUSPICIOUS_MOVE = YES;
				CLANG_WARN_UNGUARDED_AVAILABILITY = YES_AGGRESSIVE;
				CLANG_WARN_UNREACHABLE_CODE = YES;
				CLANG_WARN__DUPLICATE_METHOD_MATCH = YES;
				COPY_PHASE_STRIP = NO;
				DEBUG_INFORMATION_FORMAT = dwarf;
				ENABLE_STRICT_OBJC_MSGSEND = YES;
				ENABLE_TESTABILITY = YES;
				GCC_C_LANGUAGE_STANDARD = gnu11;
				GCC_DYNAMIC_NO_PIC = NO;
				GCC_NO_COMMON_BLOCKS = YES;
				GCC_OPTIMIZATION_LEVEL = 0;
				GCC_PREPROCESSOR_DEFINITIONS = (
					"DEBUG=1",
					"$(inherited)",
				);
				GCC_WARN_64_TO_32_BIT_CONVERSION = YES;
				GCC_WARN_ABOUT_RETURN_TYPE = YES_ERROR;
				GCC_WARN_UNDECLARED_SELECTOR = YES;
				GCC_WARN_UNINITIALIZED_AUTOS = YES_AGGRESSIVE;
				GCC_WARN_UNUSED_FUNCTION = YES;
				GCC_WARN_UNUSED_VARIABLE = YES;
				IPHONEOS_DEPLOYMENT_TARGET = 16.1;
				MTL_ENABLE_DEBUG_INFO = INCLUDE_SOURCE;
				MTL_FAST_MATH = YES;
				ONLY_ACTIVE_ARCH = YES;
				SDKROOT = iphoneos;
				SWIFT_ACTIVE_COMPILATION_CONDITIONS = DEBUG;
				SWIFT_OPTIMIZATION_LEVEL = "-Onone";
			};
			name = Debug;
		};
		E175C73F29DA9A05002CE349 /* Release */ = {
			isa = XCBuildConfiguration;
			buildSettings = {
				ALWAYS_SEARCH_USER_PATHS = NO;
				CLANG_ANALYZER_NONNULL = YES;
				CLANG_ANALYZER_NUMBER_OBJECT_CONVERSION = YES_AGGRESSIVE;
				CLANG_CXX_LANGUAGE_STANDARD = "gnu++20";
				CLANG_ENABLE_MODULES = YES;
				CLANG_ENABLE_OBJC_ARC = YES;
				CLANG_ENABLE_OBJC_WEAK = YES;
				CLANG_WARN_BLOCK_CAPTURE_AUTORELEASING = YES;
				CLANG_WARN_BOOL_CONVERSION = YES;
				CLANG_WARN_COMMA = YES;
				CLANG_WARN_CONSTANT_CONVERSION = YES;
				CLANG_WARN_DEPRECATED_OBJC_IMPLEMENTATIONS = YES;
				CLANG_WARN_DIRECT_OBJC_ISA_USAGE = YES_ERROR;
				CLANG_WARN_DOCUMENTATION_COMMENTS = YES;
				CLANG_WARN_EMPTY_BODY = YES;
				CLANG_WARN_ENUM_CONVERSION = YES;
				CLANG_WARN_INFINITE_RECURSION = YES;
				CLANG_WARN_INT_CONVERSION = YES;
				CLANG_WARN_NON_LITERAL_NULL_CONVERSION = YES;
				CLANG_WARN_OBJC_IMPLICIT_RETAIN_SELF = YES;
				CLANG_WARN_OBJC_LITERAL_CONVERSION = YES;
				CLANG_WARN_OBJC_ROOT_CLASS = YES_ERROR;
				CLANG_WARN_QUOTED_INCLUDE_IN_FRAMEWORK_HEADER = YES;
				CLANG_WARN_RANGE_LOOP_ANALYSIS = YES;
				CLANG_WARN_STRICT_PROTOTYPES = YES;
				CLANG_WARN_SUSPICIOUS_MOVE = YES;
				CLANG_WARN_UNGUARDED_AVAILABILITY = YES_AGGRESSIVE;
				CLANG_WARN_UNREACHABLE_CODE = YES;
				CLANG_WARN__DUPLICATE_METHOD_MATCH = YES;
				COPY_PHASE_STRIP = NO;
				DEBUG_INFORMATION_FORMAT = "dwarf-with-dsym";
				ENABLE_NS_ASSERTIONS = NO;
				ENABLE_STRICT_OBJC_MSGSEND = YES;
				GCC_C_LANGUAGE_STANDARD = gnu11;
				GCC_NO_COMMON_BLOCKS = YES;
				GCC_WARN_64_TO_32_BIT_CONVERSION = YES;
				GCC_WARN_ABOUT_RETURN_TYPE = YES_ERROR;
				GCC_WARN_UNDECLARED_SELECTOR = YES;
				GCC_WARN_UNINITIALIZED_AUTOS = YES_AGGRESSIVE;
				GCC_WARN_UNUSED_FUNCTION = YES;
				GCC_WARN_UNUSED_VARIABLE = YES;
				IPHONEOS_DEPLOYMENT_TARGET = 16.1;
				MTL_ENABLE_DEBUG_INFO = NO;
				MTL_FAST_MATH = YES;
				SDKROOT = iphoneos;
				SWIFT_COMPILATION_MODE = wholemodule;
				SWIFT_OPTIMIZATION_LEVEL = "-O";
				VALIDATE_PRODUCT = YES;
			};
			name = Release;
		};
		E175C74129DA9A05002CE349 /* Debug */ = {
			isa = XCBuildConfiguration;
			buildSettings = {
				ASSETCATALOG_COMPILER_APPICON_NAME = AppIcon;
				ASSETCATALOG_COMPILER_GLOBAL_ACCENT_COLOR_NAME = AccentColor;
				CODE_SIGN_STYLE = Automatic;
				CURRENT_PROJECT_VERSION = 1;
				DEVELOPMENT_TEAM = 4778UMCE49;
				GENERATE_INFOPLIST_FILE = YES;
				INFOPLIST_FILE = Sources/Configs/Info.plist;
				INFOPLIST_KEY_UIApplicationSupportsIndirectInputEvents = YES;
				INFOPLIST_KEY_UILaunchStoryboardName = LaunchScreen;
				INFOPLIST_KEY_UISupportedInterfaceOrientations_iPad = "UIInterfaceOrientationPortrait UIInterfaceOrientationPortraitUpsideDown UIInterfaceOrientationLandscapeLeft UIInterfaceOrientationLandscapeRight";
				INFOPLIST_KEY_UISupportedInterfaceOrientations_iPhone = "UIInterfaceOrientationPortrait UIInterfaceOrientationLandscapeLeft UIInterfaceOrientationLandscapeRight";
				IPHONEOS_DEPLOYMENT_TARGET = 15.0;
				LD_RUNPATH_SEARCH_PATHS = (
					"$(inherited)",
					"@executable_path/Frameworks",
				);
				MARKETING_VERSION = 1.0;
				PRODUCT_BUNDLE_IDENTIFIER = MU.Example;
				PRODUCT_NAME = "$(TARGET_NAME)";
				SWIFT_EMIT_LOC_STRINGS = YES;
				SWIFT_VERSION = 5.0;
				TARGETED_DEVICE_FAMILY = "1,2";
			};
			name = Debug;
		};
		E175C74229DA9A05002CE349 /* Release */ = {
			isa = XCBuildConfiguration;
			buildSettings = {
				ASSETCATALOG_COMPILER_APPICON_NAME = AppIcon;
				ASSETCATALOG_COMPILER_GLOBAL_ACCENT_COLOR_NAME = AccentColor;
				CODE_SIGN_STYLE = Automatic;
				CURRENT_PROJECT_VERSION = 1;
				DEVELOPMENT_TEAM = 4778UMCE49;
				GENERATE_INFOPLIST_FILE = YES;
				INFOPLIST_FILE = Sources/Configs/Info.plist;
				INFOPLIST_KEY_UIApplicationSupportsIndirectInputEvents = YES;
				INFOPLIST_KEY_UILaunchStoryboardName = LaunchScreen;
				INFOPLIST_KEY_UISupportedInterfaceOrientations_iPad = "UIInterfaceOrientationPortrait UIInterfaceOrientationPortraitUpsideDown UIInterfaceOrientationLandscapeLeft UIInterfaceOrientationLandscapeRight";
				INFOPLIST_KEY_UISupportedInterfaceOrientations_iPhone = "UIInterfaceOrientationPortrait UIInterfaceOrientationLandscapeLeft UIInterfaceOrientationLandscapeRight";
				IPHONEOS_DEPLOYMENT_TARGET = 15.0;
				LD_RUNPATH_SEARCH_PATHS = (
					"$(inherited)",
					"@executable_path/Frameworks",
				);
				MARKETING_VERSION = 1.0;
				PRODUCT_BUNDLE_IDENTIFIER = MU.Example;
				PRODUCT_NAME = "$(TARGET_NAME)";
				SWIFT_EMIT_LOC_STRINGS = YES;
				SWIFT_VERSION = 5.0;
				TARGETED_DEVICE_FAMILY = "1,2";
			};
			name = Release;
		};
/* End XCBuildConfiguration section */

/* Begin XCConfigurationList section */
		E175C72729DA9A04002CE349 /* Build configuration list for PBXProject "Example" */ = {
			isa = XCConfigurationList;
			buildConfigurations = (
				E175C73E29DA9A05002CE349 /* Debug */,
				E175C73F29DA9A05002CE349 /* Release */,
			);
			defaultConfigurationIsVisible = 0;
			defaultConfigurationName = Release;
		};
		E175C74029DA9A05002CE349 /* Build configuration list for PBXNativeTarget "Example" */ = {
			isa = XCConfigurationList;
			buildConfigurations = (
				E175C74129DA9A05002CE349 /* Debug */,
				E175C74229DA9A05002CE349 /* Release */,
			);
			defaultConfigurationIsVisible = 0;
			defaultConfigurationName = Release;
		};
/* End XCConfigurationList section */

/* Begin XCRemoteSwiftPackageReference section */
		E175C75A29DAA06C002CE349 /* XCRemoteSwiftPackageReference "SnapKit" */ = {
			isa = XCRemoteSwiftPackageReference;
			repositoryURL = "https://github.com/SnapKit/SnapKit.git";
			requirement = {
				kind = exactVersion;
				version = 5.6.0;
			};
		};
		E175C75D29DAA0CF002CE349 /* XCRemoteSwiftPackageReference "Utils" */ = {
			isa = XCRemoteSwiftPackageReference;
			repositoryURL = "https://github.com/MobileUpLLC/Utils";
			requirement = {
				kind = exactVersion;
				version = 0.3.1;
			};
		};
/* End XCRemoteSwiftPackageReference section */

/* Begin XCSwiftPackageProductDependency section */
		E175C75429DA9D39002CE349 /* TabBarController */ = {
			isa = XCSwiftPackageProductDependency;
			productName = TabBarController;
		};
		E175C75B29DAA06C002CE349 /* SnapKit */ = {
			isa = XCSwiftPackageProductDependency;
			package = E175C75A29DAA06C002CE349 /* XCRemoteSwiftPackageReference "SnapKit" */;
			productName = SnapKit;
		};
		E175C75E29DAA0CF002CE349 /* Utils */ = {
			isa = XCSwiftPackageProductDependency;
			package = E175C75D29DAA0CF002CE349 /* XCRemoteSwiftPackageReference "Utils" */;
			productName = Utils;
		};
/* End XCSwiftPackageProductDependency section */
	};
	rootObject = E175C72429DA9A04002CE349 /* Project object */;
}
